
Microsoft Visual Studio Solution File, Format Version 12.00
# Visual Studio 15
VisualStudioVersion = 15.0.27130.2027
MinimumVisualStudioVersion = 10.0.40219.1
Project("{FAE04EC0-301F-11D3-BF4B-00C04F79EFBC}") = "AwaitAndGetResult", "AwaitAndGetResult\AwaitAndGetResult.csproj", "{42026D96-DA1E-4FA5-9BEC-A84D82D2E1AE}"
EndProject
Project("{FAE04EC0-301F-11D3-BF4B-00C04F79EFBC}") = "IDataReaderExtensions", "IDataReaderExtensions\IDataReaderExtensions.csproj", "{4C8CA42F-88A6-4DCB-A3CB-DB0F0DC6BFCF}"
EndProject
Global
	GlobalSection(SolutionConfigurationPlatforms) = preSolution
		Debug|Any CPU = Debug|Any CPU
		Release|Any CPU = Release|Any CPU
	EndGlobalSection
	GlobalSection(ProjectConfigurationPlatforms) = postSolution
		{42026D96-DA1E-4FA5-9BEC-A84D82D2E1AE}.Debug|Any CPU.ActiveCfg = Debug|Any CPU
		{42026D96-DA1E-4FA5-9BEC-A84D82D2E1AE}.Debug|Any CPU.Build.0 = Debug|Any CPU
		{42026D96-DA1E-4FA5-9BEC-A84D82D2E1AE}.Release|Any CPU.ActiveCfg = Release|Any CPU
		{42026D96-DA1E-4FA5-9BEC-A84D82D2E1AE}.Release|Any CPU.Build.0 = Release|Any CPU
		{4C8CA42F-88A6-4DCB-A3CB-DB0F0DC6BFCF}.Debug|Any CPU.ActiveCfg = Debug|Any CPU
		{4C8CA42F-88A6-4DCB-A3CB-DB0F0DC6BFCF}.Debug|Any CPU.Build.0 = Debug|Any CPU
		{4C8CA42F-88A6-4DCB-A3CB-DB0F0DC6BFCF}.Release|Any CPU.ActiveCfg = Release|Any CPU
		{4C8CA42F-88A6-4DCB-A3CB-DB0F0DC6BFCF}.Release|Any CPU.Build.0 = Release|Any CPU
	EndGlobalSection
	GlobalSection(SolutionProperties) = preSolution
		HideSolutionNode = FALSE
	EndGlobalSection
	GlobalSection(ExtensibilityGlobals) = postSolution
		SolutionGuid = {0070635E-E297-4531-AF8C-C7067D97DEB3}
	EndGlobalSection
EndGlobal
