
Microsoft Visual Studio Solution File, Format Version 12.00
# Visual Studio 15
VisualStudioVersion = 15.0.27130.2036
MinimumVisualStudioVersion = 10.0.40219.1
Project("{9A19103F-16F7-4668-BE54-9A1E7A4F7556}") = "AwaitAndGetResult", "AwaitAndGetResult\AwaitAndGetResult.csproj", "{42026D96-DA1E-4FA5-9BEC-A84D82D2E1AE}"
EndProject
Project("{9A19103F-16F7-4668-BE54-9A1E7A4F7556}") = "IDataReaderExtensions", "IDataReaderExtensions\IDataReaderExtensions.csproj", "{4C8CA42F-88A6-4DCB-A3CB-DB0F0DC6BFCF}"
EndProject
Project("{9A19103F-16F7-4668-BE54-9A1E7A4F7556}") = "Flect", "Flect\Flect.csproj", "{340CDFDB-77FD-480C-996E-610763CE04F4}"
EndProject
Project("{FAE04EC0-301F-11D3-BF4B-00C04F79EFBC}") = "Flect.Test", "Flect.Test\Flect.Test.csproj", "{58D04F72-A31E-4CF5-9774-3E62A6AC6F90}"
EndProject
Project("{FAE04EC0-301F-11D3-BF4B-00C04F79EFBC}") = "TryHarder", "TryHarder\TryHarder.csproj", "{11AE1F07-E4EA-40F4-BE64-F810E853F326}"
EndProject
Project("{FAE04EC0-301F-11D3-BF4B-00C04F79EFBC}") = "TryHarder.Test", "TryHarder.Test\TryHarder.Test.csproj", "{908D7922-92A6-4223-9524-37E255A049A6}"
EndProject
Global
	GlobalSection(SolutionConfigurationPlatforms) = preSolution
		Debug|Any CPU = Debug|Any CPU
		Release|Any CPU = Release|Any CPU
	EndGlobalSection
	GlobalSection(ProjectConfigurationPlatforms) = postSolution
		{42026D96-DA1E-4FA5-9BEC-A84D82D2E1AE}.Debug|Any CPU.ActiveCfg = Debug|Any CPU
		{42026D96-DA1E-4FA5-9BEC-A84D82D2E1AE}.Debug|Any CPU.Build.0 = Debug|Any CPU
		{42026D96-DA1E-4FA5-9BEC-A84D82D2E1AE}.Release|Any CPU.ActiveCfg = Release|Any CPU
		{42026D96-DA1E-4FA5-9BEC-A84D82D2E1AE}.Release|Any CPU.Build.0 = Release|Any CPU
		{4C8CA42F-88A6-4DCB-A3CB-DB0F0DC6BFCF}.Debug|Any CPU.ActiveCfg = Debug|Any CPU
		{4C8CA42F-88A6-4DCB-A3CB-DB0F0DC6BFCF}.Debug|Any CPU.Build.0 = Debug|Any CPU
		{4C8CA42F-88A6-4DCB-A3CB-DB0F0DC6BFCF}.Release|Any CPU.ActiveCfg = Release|Any CPU
		{4C8CA42F-88A6-4DCB-A3CB-DB0F0DC6BFCF}.Release|Any CPU.Build.0 = Release|Any CPU
		{340CDFDB-77FD-480C-996E-610763CE04F4}.Debug|Any CPU.ActiveCfg = Debug|Any CPU
		{340CDFDB-77FD-480C-996E-610763CE04F4}.Debug|Any CPU.Build.0 = Debug|Any CPU
		{340CDFDB-77FD-480C-996E-610763CE04F4}.Release|Any CPU.ActiveCfg = Release|Any CPU
		{340CDFDB-77FD-480C-996E-610763CE04F4}.Release|Any CPU.Build.0 = Release|Any CPU
		{58D04F72-A31E-4CF5-9774-3E62A6AC6F90}.Debug|Any CPU.ActiveCfg = Debug|Any CPU
		{58D04F72-A31E-4CF5-9774-3E62A6AC6F90}.Debug|Any CPU.Build.0 = Debug|Any CPU
		{58D04F72-A31E-4CF5-9774-3E62A6AC6F90}.Release|Any CPU.ActiveCfg = Release|Any CPU
		{58D04F72-A31E-4CF5-9774-3E62A6AC6F90}.Release|Any CPU.Build.0 = Release|Any CPU
		{11AE1F07-E4EA-40F4-BE64-F810E853F326}.Debug|Any CPU.ActiveCfg = Debug|Any CPU
		{11AE1F07-E4EA-40F4-BE64-F810E853F326}.Debug|Any CPU.Build.0 = Debug|Any CPU
		{11AE1F07-E4EA-40F4-BE64-F810E853F326}.Release|Any CPU.ActiveCfg = Release|Any CPU
		{11AE1F07-E4EA-40F4-BE64-F810E853F326}.Release|Any CPU.Build.0 = Release|Any CPU
		{908D7922-92A6-4223-9524-37E255A049A6}.Debug|Any CPU.ActiveCfg = Debug|Any CPU
		{908D7922-92A6-4223-9524-37E255A049A6}.Debug|Any CPU.Build.0 = Debug|Any CPU
		{908D7922-92A6-4223-9524-37E255A049A6}.Release|Any CPU.ActiveCfg = Release|Any CPU
		{908D7922-92A6-4223-9524-37E255A049A6}.Release|Any CPU.Build.0 = Release|Any CPU
	EndGlobalSection
	GlobalSection(SolutionProperties) = preSolution
		HideSolutionNode = FALSE
	EndGlobalSection
	GlobalSection(ExtensibilityGlobals) = postSolution
		SolutionGuid = {0070635E-E297-4531-AF8C-C7067D97DEB3}
	EndGlobalSection
EndGlobal
